
Microsoft Visual Studio Solution File, Format Version 12.00
# Visual Studio Version 17
VisualStudioVersion = 17.5.33414.496
MinimumVisualStudioVersion = 10.0.40219.1
Project("{8BC9CEB8-8B4A-11D0-8D11-00A0C91BC942}") = "3주차", "3주차.vcxproj", "{1838FA59-C9E4-42F1-9D09-6B253D600E69}"
EndProject
Global
	GlobalSection(SolutionConfigurationPlatforms) = preSolution
		Debug|x64 = Debug|x64
		Debug|x86 = Debug|x86
		Release|x64 = Release|x64
		Release|x86 = Release|x86
	EndGlobalSection
	GlobalSection(ProjectConfigurationPlatforms) = postSolution
		{1838FA59-C9E4-42F1-9D09-6B253D600E69}.Debug|x64.ActiveCfg = Debug|x64
		{1838FA59-C9E4-42F1-9D09-6B253D600E69}.Debug|x64.Build.0 = Debug|x64
		{1838FA59-C9E4-42F1-9D09-6B253D600E69}.Debug|x86.ActiveCfg = Debug|Win32
		{1838FA59-C9E4-42F1-9D09-6B253D600E69}.Debug|x86.Build.0 = Debug|Win32
		{1838FA59-C9E4-42F1-9D09-6B253D600E69}.Release|x64.ActiveCfg = Release|x64
		{1838FA59-C9E4-42F1-9D09-6B253D600E69}.Release|x64.Build.0 = Release|x64
		{1838FA59-C9E4-42F1-9D09-6B253D600E69}.Release|x86.ActiveCfg = Release|Win32
		{1838FA59-C9E4-42F1-9D09-6B253D600E69}.Release|x86.Build.0 = Release|Win32
	EndGlobalSection
	GlobalSection(SolutionProperties) = preSolution
		HideSolutionNode = FALSE
	EndGlobalSection
	GlobalSection(ExtensibilityGlobals) = postSolution
		SolutionGuid = {B573EC5E-8060-439D-8869-F2666A023114}
	EndGlobalSection
EndGlobal
